{
  "name": "binancesdk",
  "version": "0.2.2",
  "lockfileVersion": 1,
  "requires": true,
  "dependencies": {
    "crypto-js": {
      "version": "3.1.9-1",
      "resolved": "https://registry.npmjs.org/crypto-js/-/crypto-js-3.1.9-1.tgz",
      "integrity": "sha1-/aGedh/Ad+Af+/3G6f38WeiAbNg="
    },
    "validator": {
      "version": "9.0.0",
      "resolved": "https://registry.npmjs.org/validator/-/validator-9.0.0.tgz",
      "integrity": "sha512-AkO6xRuOVNCb2B4+Ld61kQ6oJGcJ34coeEKMlGglRO9F3/8KLSS8biOrzN1PDEg2LC04R+pPKAEgNqqcZ1vSvg=="
    }
  }
}
